
Microsoft Visual Studio Solution File, Format Version 12.00
# Visual Studio 15
VisualStudioVersion = 15.0.26124.0
MinimumVisualStudioVersion = 15.0.26124.0
Project("{2150E333-8FDC-42A3-9474-1A3956D46DE8}") = "src", "src", "{967A98B3-2874-4721-9B04-AF6670BDC590}"
EndProject
Project("{FAE04EC0-301F-11D3-BF4B-00C04F79EFBC}") = "ALo.Infrastructure", "src\ALo.Infrastructure\ALo.Infrastructure.csproj", "{65DA2BB9-5706-4921-B1B7-EE4CE150D5FB}"
EndProject
Project("{2150E333-8FDC-42A3-9474-1A3956D46DE8}") = "tests", "tests", "{CBDDA936-6CBD-4643-B79C-8E69550919E8}"
EndProject
Project("{FAE04EC0-301F-11D3-BF4B-00C04F79EFBC}") = "ALo.Infrastructure.Tests", "tests\ALo.Infrastructure.Tests\ALo.Infrastructure.Tests.csproj", "{650AFE03-9FC5-4B4A-92C2-FF36ACBD6927}"
EndProject
Global
	GlobalSection(SolutionConfigurationPlatforms) = preSolution
		Debug|Any CPU = Debug|Any CPU
		Debug|x64 = Debug|x64
		Debug|x86 = Debug|x86
		Release|Any CPU = Release|Any CPU
		Release|x64 = Release|x64
		Release|x86 = Release|x86
	EndGlobalSection
	GlobalSection(SolutionProperties) = preSolution
		HideSolutionNode = FALSE
	EndGlobalSection
	GlobalSection(ProjectConfigurationPlatforms) = postSolution
		{65DA2BB9-5706-4921-B1B7-EE4CE150D5FB}.Debug|Any CPU.ActiveCfg = Debug|Any CPU
		{65DA2BB9-5706-4921-B1B7-EE4CE150D5FB}.Debug|Any CPU.Build.0 = Debug|Any CPU
		{65DA2BB9-5706-4921-B1B7-EE4CE150D5FB}.Debug|x64.ActiveCfg = Debug|Any CPU
		{65DA2BB9-5706-4921-B1B7-EE4CE150D5FB}.Debug|x64.Build.0 = Debug|Any CPU
		{65DA2BB9-5706-4921-B1B7-EE4CE150D5FB}.Debug|x86.ActiveCfg = Debug|Any CPU
		{65DA2BB9-5706-4921-B1B7-EE4CE150D5FB}.Debug|x86.Build.0 = Debug|Any CPU
		{65DA2BB9-5706-4921-B1B7-EE4CE150D5FB}.Release|Any CPU.ActiveCfg = Release|Any CPU
		{65DA2BB9-5706-4921-B1B7-EE4CE150D5FB}.Release|Any CPU.Build.0 = Release|Any CPU
		{65DA2BB9-5706-4921-B1B7-EE4CE150D5FB}.Release|x64.ActiveCfg = Release|Any CPU
		{65DA2BB9-5706-4921-B1B7-EE4CE150D5FB}.Release|x64.Build.0 = Release|Any CPU
		{65DA2BB9-5706-4921-B1B7-EE4CE150D5FB}.Release|x86.ActiveCfg = Release|Any CPU
		{65DA2BB9-5706-4921-B1B7-EE4CE150D5FB}.Release|x86.Build.0 = Release|Any CPU
		{650AFE03-9FC5-4B4A-92C2-FF36ACBD6927}.Debug|Any CPU.ActiveCfg = Debug|Any CPU
		{650AFE03-9FC5-4B4A-92C2-FF36ACBD6927}.Debug|Any CPU.Build.0 = Debug|Any CPU
		{650AFE03-9FC5-4B4A-92C2-FF36ACBD6927}.Debug|x64.ActiveCfg = Debug|Any CPU
		{650AFE03-9FC5-4B4A-92C2-FF36ACBD6927}.Debug|x64.Build.0 = Debug|Any CPU
		{650AFE03-9FC5-4B4A-92C2-FF36ACBD6927}.Debug|x86.ActiveCfg = Debug|Any CPU
		{650AFE03-9FC5-4B4A-92C2-FF36ACBD6927}.Debug|x86.Build.0 = Debug|Any CPU
		{650AFE03-9FC5-4B4A-92C2-FF36ACBD6927}.Release|Any CPU.ActiveCfg = Release|Any CPU
		{650AFE03-9FC5-4B4A-92C2-FF36ACBD6927}.Release|Any CPU.Build.0 = Release|Any CPU
		{650AFE03-9FC5-4B4A-92C2-FF36ACBD6927}.Release|x64.ActiveCfg = Release|Any CPU
		{650AFE03-9FC5-4B4A-92C2-FF36ACBD6927}.Release|x64.Build.0 = Release|Any CPU
		{650AFE03-9FC5-4B4A-92C2-FF36ACBD6927}.Release|x86.ActiveCfg = Release|Any CPU
		{650AFE03-9FC5-4B4A-92C2-FF36ACBD6927}.Release|x86.Build.0 = Release|Any CPU
	EndGlobalSection
	GlobalSection(NestedProjects) = preSolution
		{65DA2BB9-5706-4921-B1B7-EE4CE150D5FB} = {967A98B3-2874-4721-9B04-AF6670BDC590}
		{650AFE03-9FC5-4B4A-92C2-FF36ACBD6927} = {CBDDA936-6CBD-4643-B79C-8E69550919E8}
	EndGlobalSection
EndGlobal
